#MicroXplorer Configuration settings - do not modify
ADC1.Channel-2\#ChannelRegularConversion=ADC_CHANNEL_4
ADC1.Channel-3\#ChannelRegularConversion=ADC_CHANNEL_5
ADC1.Channel-4\#ChannelRegularConversion=ADC_CHANNEL_2
ADC1.ClockPrescaler=ADC_CLOCK_ASYNC_DIV2
ADC1.ContinuousConvMode=ENABLE
ADC1.ConversionDataManagement=ADC_CONVERSIONDATA_DMA_CIRCULAR
ADC1.EOCSelection=ADC_EOC_SEQ_CONV
ADC1.IPParameters=OffsetSignedSaturation-2\#ChannelRegularConversion,NbrOfConversionFlag,Channel-2\#ChannelRegularConversion,Resolution,ContinuousConvMode,SamplingTime-2\#ChannelRegularConversion,ClockPrescaler,EOCSelection,Rank-3\#ChannelRegularConversion,Channel-3\#ChannelRegularConversion,SamplingTime-3\#ChannelRegularConversion,OffsetNumber-3\#ChannelRegularConversion,NbrOfConversion,master,Rank-4\#ChannelRegularConversion,Channel-4\#ChannelRegularConversion,SamplingTime-4\#ChannelRegularConversion,OffsetNumber-4\#ChannelRegularConversion,ConversionDataManagement
ADC1.NbrOfConversion=3
ADC1.NbrOfConversionFlag=1
ADC1.OffsetNumber-3\#ChannelRegularConversion=ADC_OFFSET_NONE
ADC1.OffsetNumber-4\#ChannelRegularConversion=ADC_OFFSET_NONE
ADC1.OffsetSignedSaturation-2\#ChannelRegularConversion=DISABLE
ADC1.Rank-3\#ChannelRegularConversion=2
ADC1.Rank-4\#ChannelRegularConversion=3
ADC1.Resolution=ADC_RESOLUTION_12B
ADC1.SamplingTime-2\#ChannelRegularConversion=ADC_SAMPLETIME_64CYCLES_5
ADC1.SamplingTime-3\#ChannelRegularConversion=ADC_SAMPLETIME_64CYCLES_5
ADC1.SamplingTime-4\#ChannelRegularConversion=ADC_SAMPLETIME_64CYCLES_5
ADC1.master=1
ADC2.Channel-8\#ChannelRegularConversion=ADC_CHANNEL_9
ADC2.ClockPrescaler=ADC_CLOCK_ASYNC_DIV2
ADC2.IPParameters=Rank-8\#ChannelRegularConversion,Channel-8\#ChannelRegularConversion,SamplingTime-8\#ChannelRegularConversion,OffsetNumber-8\#ChannelRegularConversion,OffsetSignedSaturation-8\#ChannelRegularConversion,NbrOfConversionFlag,ClockPrescaler
ADC2.NbrOfConversionFlag=1
ADC2.OffsetNumber-8\#ChannelRegularConversion=ADC_OFFSET_NONE
ADC2.OffsetSignedSaturation-8\#ChannelRegularConversion=DISABLE
ADC2.Rank-8\#ChannelRegularConversion=1
ADC2.SamplingTime-8\#ChannelRegularConversion=ADC_SAMPLETIME_1CYCLE_5
CAD.formats=
CAD.pinconfig=
CAD.provider=
Dma.ADC1.0.Direction=DMA_PERIPH_TO_MEMORY
Dma.ADC1.0.EventEnable=DISABLE
Dma.ADC1.0.FIFOMode=DMA_FIFOMODE_DISABLE
Dma.ADC1.0.Instance=DMA1_Stream0
Dma.ADC1.0.MemDataAlignment=DMA_MDATAALIGN_HALFWORD
Dma.ADC1.0.MemInc=DMA_MINC_ENABLE
Dma.ADC1.0.Mode=DMA_CIRCULAR
Dma.ADC1.0.PeriphDataAlignment=DMA_PDATAALIGN_HALFWORD
Dma.ADC1.0.PeriphInc=DMA_PINC_DISABLE
Dma.ADC1.0.Polarity=HAL_DMAMUX_REQ_GEN_RISING
Dma.ADC1.0.Priority=DMA_PRIORITY_LOW
Dma.ADC1.0.RequestNumber=1
Dma.ADC1.0.RequestParameters=Instance,Direction,PeriphInc,MemInc,PeriphDataAlignment,MemDataAlignment,Mode,Priority,FIFOMode,SignalID,Polarity,RequestNumber,SyncSignalID,SyncPolarity,SyncEnable,EventEnable,SyncRequestNumber
Dma.ADC1.0.SignalID=NONE
Dma.ADC1.0.SyncEnable=DISABLE
Dma.ADC1.0.SyncPolarity=HAL_DMAMUX_SYNC_NO_EVENT
Dma.ADC1.0.SyncRequestNumber=1
Dma.ADC1.0.SyncSignalID=NONE
Dma.Request0=ADC1
Dma.RequestsNb=1
FATFS.BSP.number=1
FATFS.IPParameters=_USE_LFN,_MAX_SS,_FS_EXFAT,_MULTI_PARTITION,USE_DMA_CODE_SD
FATFS.USE_DMA_CODE_SD=1
FATFS._FS_EXFAT=0
FATFS._MAX_SS=4096
FATFS._MULTI_PARTITION=1
FATFS._USE_LFN=1
FATFS0.BSP.STBoard=false
FATFS0.BSP.api=Unknown
FATFS0.BSP.component=
FATFS0.BSP.condition=
FATFS0.BSP.instance=PF15
FATFS0.BSP.ip=GPIO
FATFS0.BSP.mode=Input
FATFS0.BSP.name=Detect_SDIO
FATFS0.BSP.semaphore=
FATFS0.BSP.solution=PF15
FDCAN1.AutoRetransmission=ENABLE
FDCAN1.CalculateBaudRateNominal=500000
FDCAN1.CalculateTimeBitNominal=2000
FDCAN1.CalculateTimeQuantumNominal=250.0
FDCAN1.ExtFiltersNbr=1
FDCAN1.IPParameters=CalculateTimeQuantumNominal,CalculateTimeBitNominal,CalculateBaudRateNominal,NominalPrescaler,NominalTimeSeg1,NominalTimeSeg2,StdFiltersNbr,RxFifo0ElmtsNbr,RxFifo1ElmtsNbr,RxBuffersNbr,TxFifoQueueElmtsNbr,TxBuffersNbr,TxEventsNbr,ExtFiltersNbr,AutoRetransmission
FDCAN1.NominalPrescaler=6
FDCAN1.NominalTimeSeg1=2
FDCAN1.NominalTimeSeg2=5
FDCAN1.RxBuffersNbr=0
FDCAN1.RxFifo0ElmtsNbr=32
FDCAN1.RxFifo1ElmtsNbr=32
FDCAN1.StdFiltersNbr=1
FDCAN1.TxBuffersNbr=0
FDCAN1.TxEventsNbr=0
FDCAN1.TxFifoQueueElmtsNbr=32
FDCAN2.CalculateBaudRateNominal=500000
FDCAN2.CalculateTimeBitNominal=2000
FDCAN2.CalculateTimeQuantumNominal=250.0
FDCAN2.ExtFiltersNbr=1
FDCAN2.FrameFormat=FDCAN_FRAME_CLASSIC
FDCAN2.IPParameters=CalculateTimeQuantumNominal,CalculateTimeBitNominal,CalculateBaudRateNominal,StdFiltersNbr,RxFifo0ElmtsNbr,RxFifo1ElmtsNbr,RxBuffersNbr,TxEventsNbr,TxBuffersNbr,TxFifoQueueElmtsNbr,NominalPrescaler,NominalTimeSeg2,FrameFormat,NominalTimeSeg1,ExtFiltersNbr,RxFifo0ElmtSize
FDCAN2.NominalPrescaler=6
FDCAN2.NominalTimeSeg1=2
FDCAN2.NominalTimeSeg2=5
FDCAN2.RxBuffersNbr=0
FDCAN2.RxFifo0ElmtSize=FDCAN_DATA_BYTES_8
FDCAN2.RxFifo0ElmtsNbr=16
FDCAN2.RxFifo1ElmtsNbr=16
FDCAN2.StdFiltersNbr=1
FDCAN2.TxBuffersNbr=0
FDCAN2.TxEventsNbr=0
FDCAN2.TxFifoQueueElmtsNbr=16
FDCAN3.CalculateBaudRateNominal=500000
FDCAN3.CalculateTimeBitNominal=2000
FDCAN3.CalculateTimeQuantumNominal=250.0
FDCAN3.ExtFiltersNbr=1
FDCAN3.IPParameters=CalculateTimeQuantumNominal,CalculateTimeBitNominal,CalculateBaudRateNominal,NominalPrescaler,NominalTimeSeg1,NominalTimeSeg2,StdFiltersNbr,ExtFiltersNbr,RxFifo0ElmtsNbr,RxFifo1ElmtsNbr,TxFifoQueueElmtsNbr
FDCAN3.NominalPrescaler=6
FDCAN3.NominalTimeSeg1=2
FDCAN3.NominalTimeSeg2=5
FDCAN3.RxFifo0ElmtsNbr=16
FDCAN3.RxFifo1ElmtsNbr=16
FDCAN3.StdFiltersNbr=1
FDCAN3.TxFifoQueueElmtsNbr=16
File.Version=6
KeepUserPlacement=false
MMTAppRegionsCount=0
MMTConfigApplied=false
Mcu.CPN=STM32H733ZGT6
Mcu.Family=STM32H7
Mcu.IP0=ADC1
Mcu.IP1=ADC2
Mcu.IP10=NVIC
Mcu.IP11=RCC
Mcu.IP12=SDMMC1
Mcu.IP13=SYS
Mcu.IP14=TIM1
Mcu.IP15=TIM16
Mcu.IP16=USART1
Mcu.IP17=USART2
Mcu.IP2=CORTEX_M7
Mcu.IP3=DEBUG
Mcu.IP4=DMA
Mcu.IP5=FATFS
Mcu.IP6=FDCAN1
Mcu.IP7=FDCAN2
Mcu.IP8=FDCAN3
Mcu.IP9=MEMORYMAP
Mcu.IPNb=18
Mcu.Name=STM32H733ZGTx
Mcu.Package=LQFP144
Mcu.Pin0=PH0-OSC_IN
Mcu.Pin1=PH1-OSC_OUT
Mcu.Pin10=PF11
Mcu.Pin11=PF13
Mcu.Pin12=PF14
Mcu.Pin13=PF15
Mcu.Pin14=PE8
Mcu.Pin15=PE9
Mcu.Pin16=PE11
Mcu.Pin17=PB12
Mcu.Pin18=PB13
Mcu.Pin19=PG7
Mcu.Pin2=PC0
Mcu.Pin20=PC8
Mcu.Pin21=PC9
Mcu.Pin22=PA9
Mcu.Pin23=PA10
Mcu.Pin24=PA13(JTMS/SWDIO)
Mcu.Pin25=PA14(JTCK/SWCLK)
Mcu.Pin26=PC10
Mcu.Pin27=PC11
Mcu.Pin28=PC12
Mcu.Pin29=PD0
Mcu.Pin3=PC1
Mcu.Pin30=PD1
Mcu.Pin31=PD2
Mcu.Pin32=PG9
Mcu.Pin33=PG10
Mcu.Pin34=PB3(JTDO/TRACESWO)
Mcu.Pin35=PB8
Mcu.Pin36=VP_FATFS_VS_SDIO
Mcu.Pin37=VP_SYS_VS_Systick
Mcu.Pin38=VP_TIM1_VS_ClockSourceINT
Mcu.Pin39=VP_TIM16_VS_ClockSourceINT
Mcu.Pin4=PA2
Mcu.Pin40=VP_MEMORYMAP_VS_MEMORYMAP
Mcu.Pin5=PA3
Mcu.Pin6=PC4
Mcu.Pin7=PC5
Mcu.Pin8=PB0
Mcu.Pin9=PB1
Mcu.PinsNb=41
Mcu.ThirdPartyNb=0
Mcu.UserConstants=
Mcu.UserName=STM32H733ZGTx
MxCube.Version=6.12.0
MxDb.Version=DB.6.0.120
NVIC.ADC_IRQn=true\:0\:0\:false\:false\:true\:true\:true\:true
NVIC.BusFault_IRQn=true\:0\:0\:false\:false\:true\:false\:false\:false
NVIC.DMA1_Stream0_IRQn=true\:0\:0\:false\:false\:true\:false\:true\:true
NVIC.DebugMonitor_IRQn=true\:0\:0\:false\:false\:true\:false\:false\:false
NVIC.FDCAN1_IT0_IRQn=true\:1\:0\:true\:false\:true\:true\:true\:true
NVIC.FDCAN2_IT0_IRQn=true\:2\:0\:true\:false\:true\:true\:true\:true
NVIC.FDCAN3_IT0_IRQn=true\:0\:0\:false\:false\:true\:true\:true\:true
NVIC.ForceEnableDMAVector=true
NVIC.HardFault_IRQn=true\:0\:0\:false\:false\:true\:false\:false\:false
NVIC.MemoryManagement_IRQn=true\:0\:0\:false\:false\:true\:false\:false\:false
NVIC.NonMaskableInt_IRQn=true\:0\:0\:false\:false\:true\:false\:false\:false
NVIC.PendSV_IRQn=true\:0\:0\:false\:false\:true\:false\:false\:false
NVIC.PriorityGroup=NVIC_PRIORITYGROUP_4
NVIC.SDMMC1_IRQn=true\:0\:0\:false\:false\:true\:true\:true\:true
NVIC.SVCall_IRQn=true\:0\:0\:false\:false\:true\:false\:false\:false
NVIC.SysTick_IRQn=true\:15\:0\:false\:false\:true\:false\:true\:false
NVIC.TIM16_IRQn=true\:0\:0\:false\:false\:true\:true\:true\:true
NVIC.UsageFault_IRQn=true\:0\:0\:false\:false\:true\:false\:false\:false
PA10.GPIOParameters=GPIO_Label
PA10.GPIO_Label=USART1_RX_GPS
PA10.Locked=true
PA10.Mode=Asynchronous
PA10.Signal=USART1_RX
PA13(JTMS/SWDIO).Mode=Trace_Asynchronous_SW
PA13(JTMS/SWDIO).Signal=DEBUG_JTMS-SWDIO
PA14(JTCK/SWCLK).Mode=Trace_Asynchronous_SW
PA14(JTCK/SWCLK).Signal=DEBUG_JTCK-SWCLK
PA2.Mode=Asynchronous
PA2.Signal=USART2_TX
PA3.Mode=Asynchronous
PA3.Signal=USART2_RX
PA9.GPIOParameters=GPIO_Label
PA9.GPIO_Label=USART1_TX_GPS
PA9.Locked=true
PA9.Mode=Asynchronous
PA9.Signal=USART1_TX
PB0.GPIOParameters=GPIO_Label
PB0.GPIO_Label=SUSPENSION_RR
PB0.Locked=true
PB0.Signal=ADCx_INP9
PB1.GPIOParameters=GPIO_PuPd,GPIO_Label,GPIO_Mode
PB1.GPIO_Label=S_APPS_2
PB1.GPIO_Mode=GPIO_MODE_ANALOG
PB1.GPIO_PuPd=GPIO_NOPULL
PB1.Locked=true
PB1.Signal=ADCx_INP5
PB12.Locked=true
PB12.Mode=FDCAN_Activate
PB12.Signal=FDCAN2_RX
PB13.Locked=true
PB13.Mode=FDCAN_Activate
PB13.Signal=FDCAN2_TX
PB3(JTDO/TRACESWO).Mode=Trace_Asynchronous_SW
PB3(JTDO/TRACESWO).Signal=DEBUG_JTDO-SWO
PB8.Mode=SD_4_bits_Wide_bus_auto_dir_voltage_converter
PB8.Signal=SDMMC1_CKIN
PC0.GPIOParameters=GPIO_Label
PC0.GPIO_Label=START_BUTTON_LED
PC0.Locked=true
PC0.Signal=GPIO_Output
PC1.GPIOParameters=GPIO_Label
PC1.GPIO_Label=RTDS
PC1.Locked=true
PC1.Signal=GPIO_Output
PC10.Mode=SD_4_bits_Wide_bus_auto_dir_voltage_converter
PC10.Signal=SDMMC1_D2
PC11.Mode=SD_4_bits_Wide_bus_auto_dir_voltage_converter
PC11.Signal=SDMMC1_D3
PC12.Mode=SD_4_bits_Wide_bus_auto_dir_voltage_converter
PC12.Signal=SDMMC1_CK
PC4.GPIOParameters=GPIO_PuPd,GPIO_Label,GPIO_Mode
PC4.GPIO_Label=S_APPS_1
PC4.GPIO_Mode=GPIO_MODE_ANALOG
PC4.GPIO_PuPd=GPIO_NOPULL
PC4.Locked=true
PC4.Signal=ADCx_INP4
PC5.GPIOParameters=GPIO_Label
PC5.GPIO_Label=SUSPENSION_RL
PC5.Locked=true
PC5.Signal=ADCx_INP8
PC8.Mode=SD_4_bits_Wide_bus_auto_dir_voltage_converter
PC8.Signal=SDMMC1_D0
PC9.Mode=SD_4_bits_Wide_bus_auto_dir_voltage_converter
PC9.Signal=SDMMC1_D1
PD0.Locked=true
PD0.Mode=FDCAN_Activate
PD0.Signal=FDCAN1_RX
PD1.Mode=FDCAN_Activate
PD1.Signal=FDCAN1_TX
PD2.Mode=SD_4_bits_Wide_bus_auto_dir_voltage_converter
PD2.Signal=SDMMC1_CMD
PE11.GPIOParameters=GPIO_Label
PE11.GPIO_Label=PWM_FAN2
PE11.Locked=true
PE11.Signal=S_TIM1_CH2
PE8.GPIOParameters=GPIO_Label
PE8.GPIO_Label=DS18B20_Data
PE8.Locked=true
PE8.Signal=GPIO_Output
PE9.GPIOParameters=GPIO_Label
PE9.GPIO_Label=PWM_FAN1
PE9.Locked=true
PE9.Signal=S_TIM1_CH1
PF11.GPIOParameters=GPIO_PuPd,GPIO_Label,GPIO_Mode
PF11.GPIO_Label=S_FRENO
PF11.GPIO_Mode=GPIO_MODE_ANALOG
PF11.GPIO_PuPd=GPIO_NOPULL
PF11.Locked=true
PF11.Mode=IN2-Single-Ended
PF11.Signal=ADC1_INP2
PF13.GPIOParameters=GPIO_PuPd,GPIO_Label
PF13.GPIO_Label=START_BUTTON
PF13.GPIO_PuPd=GPIO_PULLDOWN
PF13.Locked=true
PF13.Signal=GPIO_Input
PF14.GPIOParameters=GPIO_Label
PF14.GPIO_Label=SUSPENSION_FR
PF14.Locked=true
PF14.Mode=IN6-Single-Ended
PF14.Signal=ADC2_INP6
PF15.GPIOParameters=GPIO_Label
PF15.GPIO_Label=MICROSD_DET
PF15.Locked=true
PF15.Signal=GPIO_Input
PG10.Locked=true
PG10.Mode=FDCAN_Activate
PG10.Signal=FDCAN3_RX
PG7.GPIOParameters=GPIO_PuPd,GPIO_Label
PG7.GPIO_Label=START_BUTTON1
PG7.GPIO_PuPd=GPIO_PULLDOWN
PG7.Locked=true
PG7.Signal=GPIO_Input
PG9.Locked=true
PG9.Mode=FDCAN_Activate
PG9.Signal=FDCAN3_TX
PH0-OSC_IN.Mode=HSE-External-Oscillator
PH0-OSC_IN.Signal=RCC_OSC_IN
PH1-OSC_OUT.Mode=HSE-External-Oscillator
PH1-OSC_OUT.Signal=RCC_OSC_OUT
PinOutPanel.RotationAngle=0
ProjectManager.AskForMigrate=true
ProjectManager.BackupPrevious=false
ProjectManager.CompilerLinker=GCC
ProjectManager.CompilerOptimize=6
ProjectManager.ComputerToolchain=false
ProjectManager.CoupleFile=false
ProjectManager.CustomerFirmwarePackage=
ProjectManager.DefaultFWLocation=true
ProjectManager.DeletePrevious=true
ProjectManager.DeviceId=STM32H733ZGTx
ProjectManager.FirmwarePackage=STM32Cube FW_H7 V1.11.2
ProjectManager.FreePins=false
ProjectManager.HalAssertFull=false
ProjectManager.HeapSize=0x200
ProjectManager.KeepUserCode=true
ProjectManager.LastFirmware=true
ProjectManager.LibraryCopy=1
ProjectManager.MainLocation=Core/Src
ProjectManager.NoMain=false
ProjectManager.PreviousToolchain=
ProjectManager.ProjectBuild=false
ProjectManager.ProjectFileName=VCU IFS06.ioc
ProjectManager.ProjectName=VCU IFS06
ProjectManager.ProjectStructure=
ProjectManager.RegisterCallBack=
ProjectManager.StackSize=0x400
ProjectManager.TargetToolchain=STM32CubeIDE
ProjectManager.ToolChainLocation=
ProjectManager.UAScriptAfterPath=
ProjectManager.UAScriptBeforePath=
ProjectManager.UnderRoot=true
ProjectManager.functionlistsort=1-SystemClock_Config-RCC-false-HAL-false,2-MX_GPIO_Init-GPIO-false-HAL-true,3-MX_DMA_Init-DMA-false-HAL-true,4-MX_ADC1_Init-ADC1-false-HAL-true,5-MX_ADC2_Init-ADC2-false-HAL-true,6-MX_FDCAN1_Init-FDCAN1-false-HAL-true,7-MX_FDCAN2_Init-FDCAN2-false-HAL-true,8-MX_TIM1_Init-TIM1-false-HAL-true,9-MX_USART2_UART_Init-USART2-false-HAL-true,10-MX_TIM16_Init-TIM16-false-HAL-true,11-MX_USART1_UART_Init-USART1-false-HAL-true,12-MX_SDMMC1_SD_Init-SDMMC1-false-HAL-true,13-MX_FATFS_Init-FATFS-false-HAL-false,14-MX_FDCAN3_Init-FDCAN3-false-HAL-true,0-MX_CORTEX_M7_Init-CORTEX_M7-false-HAL-true
RCC.ADCCLockSelection=RCC_ADCCLKSOURCE_PLL2
RCC.ADCFreq_Value=96000000
RCC.AHB12Freq_Value=264000000
RCC.AHB4Freq_Value=264000000
RCC.APB1Freq_Value=132000000
RCC.APB2Freq_Value=132000000
RCC.APB3Freq_Value=132000000
RCC.APB4Freq_Value=132000000
RCC.AXIClockFreq_Value=264000000
RCC.CECCLockSelection=RCC_CECCLKSOURCE_LSI
RCC.CECFreq_Value=32000
RCC.CKPERFreq_Value=64000000
RCC.CKPERSourceSelection=RCC_CLKPSOURCE_HSI
RCC.CSI_VALUE=4000000
RCC.CortexFreq_Value=528000000
RCC.Cortex_DivARG=SystemCoreClock/1000
RCC.CpuClockFreq_Value=528000000
RCC.D1CPREFreq_Value=528000000
RCC.D1PPRE=RCC_APB3_DIV2
RCC.D2PPRE1=RCC_APB1_DIV2
RCC.D2PPRE2=RCC_APB2_DIV2
RCC.D3PPRE=RCC_APB4_DIV2
RCC.DFSDMACLkFreq_Value=132000000
RCC.DFSDMCLockSelection=RCC_DFSDM1CLKSOURCE_D2PCLK1
RCC.DFSDMFreq_Value=132000000
RCC.DIVM1=2
RCC.DIVM2=2
RCC.DIVN1=44
RCC.DIVN2=16
RCC.DIVP1=1
RCC.DIVP1Freq_Value=528000000
RCC.DIVP2Freq_Value=96000000
RCC.DIVP3Freq_Value=48375000
RCC.DIVQ1=4
RCC.DIVQ1Freq_Value=132000000
RCC.DIVQ2Freq_Value=96000000
RCC.DIVQ3Freq_Value=48375000
RCC.DIVR1Freq_Value=264000000
RCC.DIVR2=1
RCC.DIVR2Freq_Value=192000000
RCC.DIVR3Freq_Value=48375000
RCC.EXTERNAL_CLOCK_VALUE=12288000
RCC.FDCANCLockSelection=RCC_FDCANCLKSOURCE_HSE
RCC.FDCANFreq_Value=24000000
RCC.FMCCLockSelection=RCC_FMCCLKSOURCE_D1HCLK
RCC.FMCFreq_Value=264000000
RCC.FamilyName=M
RCC.HCLK3ClockFreq_Value=264000000
RCC.HCLKFreq_Value=264000000
RCC.HPRE=RCC_HCLK_DIV2
RCC.HSE_VALUE=24000000
RCC.HSI48_VALUE=48000000
RCC.HSI_VALUE=64000000
RCC.I2C123CLockSelection=RCC_I2C1235CLKSOURCE_D2PCLK1
RCC.I2C123Freq_Value=132000000
RCC.I2C4CLockSelection=RCC_I2C4CLKSOURCE_D3PCLK1
RCC.I2C4Freq_Value=132000000
RCC.IPParameters=ADCCLockSelection,ADCFreq_Value,AHB12Freq_Value,AHB4Freq_Value,APB1Freq_Value,APB2Freq_Value,APB3Freq_Value,APB4Freq_Value,AXIClockFreq_Value,CECCLockSelection,CECFreq_Value,CKPERFreq_Value,CKPERSourceSelection,CSI_VALUE,CortexFreq_Value,Cortex_DivARG,CpuClockFreq_Value,D1CPREFreq_Value,D1PPRE,D2PPRE1,D2PPRE2,D3PPRE,DFSDMACLkFreq_Value,DFSDMCLockSelection,DFSDMFreq_Value,DIVM1,DIVM2,DIVN1,DIVN2,DIVP1,DIVP1Freq_Value,DIVP2Freq_Value,DIVP3Freq_Value,DIVQ1,DIVQ1Freq_Value,DIVQ2Freq_Value,DIVQ3Freq_Value,DIVR1Freq_Value,DIVR2,DIVR2Freq_Value,DIVR3Freq_Value,EXTERNAL_CLOCK_VALUE,FDCANCLockSelection,FDCANFreq_Value,FMCCLockSelection,FMCFreq_Value,FamilyName,HCLK3ClockFreq_Value,HCLKFreq_Value,HPRE,HSE_VALUE,HSI48_VALUE,HSI_VALUE,I2C123CLockSelection,I2C123Freq_Value,I2C4CLockSelection,I2C4Freq_Value,LPTIM1CLockSelection,LPTIM1Freq_Value,LPTIM2CLockSelection,LPTIM2Freq_Value,LPTIM345CLockSelection,LPTIM345Freq_Value,LPUART1CLockSelection,LPUART1Freq_Value,LSE_VALUE,LSI_VALUE,LTDCFreq_Value,MCO1PinFreq_Value,MCO2PinFreq_Value,PLL2FRACN,PLL3FRACN,PLLFRACN,PLLSourceVirtual,QSPICLockSelection,QSPIFreq_Value,RCC_MCO1Source,RCC_MCO2Source,RNGCLockSelection,RNGFreq_Value,RTCFreq_Value,SAI1CLockSelection,SAI1Freq_Value,SAI4ACLockSelection,SAI4AFreq_Value,SAI4BCLockSelection,SAI4BFreq_Value,SDMMC1CLockSelection,SDMMCFreq_Value,SPDIFCLockSelection,SPDIFRXFreq_Value,SPI123CLockSelection,SPI123Freq_Value,SPI45Freq_Value,SPI6CLockSelection,SPI6Freq_Value,SWPCLockSelection,SWPMI1Freq_Value,SYSCLKFreq_VALUE,SYSCLKSource,Spi45ClockSelection,Tim1OutputFreq_Value,Tim2OutputFreq_Value,TraceFreq_Value,USART16CLockSelection,USART16Freq_Value,USART234578CLockSelection,USART234578Freq_Value,USBCLockSelection,USBFreq_Value,VCO1OutputFreq_Value,VCO2OutputFreq_Value,VCO3OutputFreq_Value,VCOInput1Freq_Value,VCOInput2Freq_Value,VCOInput3Freq_Value,WatchDogFreq_Value
RCC.LPTIM1CLockSelection=RCC_LPTIM1CLKSOURCE_D2PCLK1
RCC.LPTIM1Freq_Value=132000000
RCC.LPTIM2CLockSelection=RCC_LPTIM2CLKSOURCE_D3PCLK1
RCC.LPTIM2Freq_Value=132000000
RCC.LPTIM345CLockSelection=RCC_LPTIM345CLKSOURCE_D3PCLK1
RCC.LPTIM345Freq_Value=132000000
RCC.LPUART1CLockSelection=RCC_LPUART1CLKSOURCE_D3PCLK1
RCC.LPUART1Freq_Value=132000000
RCC.LSE_VALUE=32768
RCC.LSI_VALUE=32000
RCC.LTDCFreq_Value=48375000
RCC.MCO1PinFreq_Value=64000000
RCC.MCO2PinFreq_Value=528000000
RCC.PLL2FRACN=0
RCC.PLL3FRACN=0
RCC.PLLFRACN=0
RCC.PLLSourceVirtual=RCC_PLLSOURCE_HSE
RCC.QSPICLockSelection=RCC_OSPICLKSOURCE_D1HCLK
RCC.QSPIFreq_Value=264000000
RCC.RCC_MCO1Source=RCC_MCO1SOURCE_HSI
RCC.RCC_MCO2Source=RCC_MCO2SOURCE_SYSCLK
RCC.RNGCLockSelection=RCC_RNGCLKSOURCE_HSI48
RCC.RNGFreq_Value=48000000
RCC.RTCFreq_Value=32000
RCC.SAI1CLockSelection=RCC_SAI1CLKSOURCE_PLL
RCC.SAI1Freq_Value=132000000
RCC.SAI4ACLockSelection=RCC_SAI4ACLKSOURCE_PLL
RCC.SAI4AFreq_Value=132000000
RCC.SAI4BCLockSelection=RCC_SAI4BCLKSOURCE_PLL
RCC.SAI4BFreq_Value=132000000
RCC.SDMMC1CLockSelection=RCC_SDMMCCLKSOURCE_PLL2
RCC.SDMMCFreq_Value=192000000
RCC.SPDIFCLockSelection=RCC_SPDIFRXCLKSOURCE_PLL
RCC.SPDIFRXFreq_Value=132000000
RCC.SPI123CLockSelection=RCC_SPI123CLKSOURCE_PLL
RCC.SPI123Freq_Value=132000000
RCC.SPI45Freq_Value=132000000
RCC.SPI6CLockSelection=RCC_SPI6CLKSOURCE_D3PCLK1
RCC.SPI6Freq_Value=132000000
RCC.SWPCLockSelection=RCC_SWPMI1CLKSOURCE_D2PCLK1
RCC.SWPMI1Freq_Value=132000000
RCC.SYSCLKFreq_VALUE=528000000
RCC.SYSCLKSource=RCC_SYSCLKSOURCE_PLLCLK
RCC.Spi45ClockSelection=RCC_SPI45CLKSOURCE_D2PCLK1
RCC.Tim1OutputFreq_Value=264000000
RCC.Tim2OutputFreq_Value=264000000
RCC.TraceFreq_Value=264000000
RCC.USART16CLockSelection=RCC_USART16910CLKSOURCE_D2PCLK2
RCC.USART16Freq_Value=132000000
RCC.USART234578CLockSelection=RCC_USART234578CLKSOURCE_D2PCLK1
RCC.USART234578Freq_Value=132000000
RCC.USBCLockSelection=RCC_USBCLKSOURCE_PLL
RCC.USBFreq_Value=132000000
RCC.VCO1OutputFreq_Value=528000000
RCC.VCO2OutputFreq_Value=192000000
RCC.VCO3OutputFreq_Value=96750000
RCC.VCOInput1Freq_Value=12000000
RCC.VCOInput2Freq_Value=12000000
RCC.VCOInput3Freq_Value=750000
RCC.WatchDogFreq_Value=32000
SDMMC1.ClockDiv=2
SDMMC1.HardwareFlowControl=SDMMC_HARDWARE_FLOW_CONTROL_DISABLE
SDMMC1.IPParameters=ClockDiv,HardwareFlowControl,TransceiverPresent
SDMMC1.TransceiverPresent=SDMMC_TRANSCEIVER_NOT_PRESENT
SH.ADCx_INP4.0=ADC1_INP4,IN4-Single-Ended
SH.ADCx_INP4.ConfNb=1
SH.ADCx_INP5.0=ADC1_INP5,IN5-Single-Ended
SH.ADCx_INP5.ConfNb=1
SH.ADCx_INP8.0=ADC1_INP8
SH.ADCx_INP8.1=ADC2_INP8,IN8-Single-Ended
SH.ADCx_INP8.ConfNb=2
SH.ADCx_INP9.0=ADC2_INP9,IN9-Single-Ended
SH.ADCx_INP9.1=ADC1_INP9
SH.ADCx_INP9.ConfNb=2
SH.S_TIM1_CH1.0=TIM1_CH1,PWM Generation1 CH1
SH.S_TIM1_CH1.ConfNb=1
SH.S_TIM1_CH2.0=TIM1_CH2,PWM Generation2 CH2
SH.S_TIM1_CH2.ConfNb=1
TIM1.AutoReloadPreload=TIM_AUTORELOAD_PRELOAD_ENABLE
TIM1.Channel-PWM\ Generation1\ CH1=TIM_CHANNEL_1
TIM1.Channel-PWM\ Generation2\ CH2=TIM_CHANNEL_2
TIM1.IPParameters=Channel-PWM Generation1 CH1,Channel-PWM Generation2 CH2,AutoReloadPreload
TIM16.IPParameters=Prescaler,Period
TIM16.Period=10000 - 1
TIM16.Prescaler=528
USART1.IPParameters=VirtualMode-Asynchronous
USART1.VirtualMode-Asynchronous=VM_ASYNC
USART2.IPParameters=VirtualMode-Asynchronous
USART2.VirtualMode-Asynchronous=VM_ASYNC
VP_FATFS_VS_SDIO.Mode=SDIO
VP_FATFS_VS_SDIO.Signal=FATFS_VS_SDIO
VP_MEMORYMAP_VS_MEMORYMAP.Mode=CurAppReg
VP_MEMORYMAP_VS_MEMORYMAP.Signal=MEMORYMAP_VS_MEMORYMAP
VP_SYS_VS_Systick.Mode=SysTick
VP_SYS_VS_Systick.Signal=SYS_VS_Systick
VP_TIM16_VS_ClockSourceINT.Mode=Enable_Timer
VP_TIM16_VS_ClockSourceINT.Signal=TIM16_VS_ClockSourceINT
VP_TIM1_VS_ClockSourceINT.Mode=Internal
VP_TIM1_VS_ClockSourceINT.Signal=TIM1_VS_ClockSourceINT
board=custom
isbadioc=false
