#MicroXplorer Configuration settings - do not modify
ADC1.Channel-1\#ChannelRegularConversion=ADC_CHANNEL_2
ADC1.IPParameters=Rank-1\#ChannelRegularConversion,Channel-1\#ChannelRegularConversion,SamplingTime-1\#ChannelRegularConversion,OffsetNumber-1\#ChannelRegularConversion,OffsetSignedSaturation-1\#ChannelRegularConversion,NbrOfConversionFlag,Resolution,master,OversamplingMode,Ratio,RightBitShift,NbrOfConversion
ADC1.NbrOfConversion=1
ADC1.NbrOfConversionFlag=1
ADC1.OffsetNumber-1\#ChannelRegularConversion=ADC_OFFSET_NONE
ADC1.OffsetSignedSaturation-1\#ChannelRegularConversion=DISABLE
ADC1.OversamplingMode=ENABLE
ADC1.Rank-1\#ChannelRegularConversion=1
ADC1.Ratio=64
ADC1.Resolution=ADC_RESOLUTION_12B
ADC1.RightBitShift=ADC_RIGHTBITSHIFT_6
ADC1.SamplingTime-1\#ChannelRegularConversion=ADC_SAMPLETIME_1CYCLE_5
ADC1.master=1
ADC3.Channel-2\#ChannelRegularConversion=ADC_CHANNEL_7
ADC3.IPParameters=Rank-2\#ChannelRegularConversion,Channel-2\#ChannelRegularConversion,SamplingTime-2\#ChannelRegularConversion,OffsetNumber-2\#ChannelRegularConversion,OffsetSign-2\#ChannelRegularConversion,NbrOfConversionFlag,ResolutionADC3
ADC3.NbrOfConversionFlag=1
ADC3.OffsetNumber-2\#ChannelRegularConversion=ADC_OFFSET_NONE
ADC3.OffsetSign-2\#ChannelRegularConversion=ADC3_OFFSET_SIGN_NEGATIVE
ADC3.Rank-2\#ChannelRegularConversion=1
ADC3.ResolutionADC3=ADC_RESOLUTION_10B
ADC3.SamplingTime-2\#ChannelRegularConversion=ADC3_SAMPLETIME_2CYCLES_5
CAD.formats=
CAD.pinconfig=
CAD.provider=
FDCAN1.CalculateBaudRateNominal=500000
FDCAN1.CalculateTimeBitNominal=2000
FDCAN1.CalculateTimeQuantumNominal=125.0
FDCAN1.ExtFiltersNbr=5
FDCAN1.FrameFormat=FDCAN_FRAME_FD_NO_BRS
FDCAN1.IPParameters=CalculateTimeQuantumNominal,CalculateTimeBitNominal,CalculateBaudRateNominal,NominalTimeSeg1,RxBuffersNbr,TxBuffersNbr,StdFiltersNbr,RxFifo0ElmtsNbr,RxFifo1ElmtsNbr,TxEventsNbr,TxFifoQueueElmtsNbr,NominalPrescaler,NominalTimeSeg2,ExtFiltersNbr,FrameFormat
FDCAN1.NominalPrescaler=3
FDCAN1.NominalTimeSeg1=10
FDCAN1.NominalTimeSeg2=5
FDCAN1.RxBuffersNbr=1
FDCAN1.RxFifo0ElmtsNbr=32
FDCAN1.RxFifo1ElmtsNbr=32
FDCAN1.StdFiltersNbr=0
FDCAN1.TxBuffersNbr=32
FDCAN1.TxEventsNbr=1
FDCAN1.TxFifoQueueElmtsNbr=32
FDCAN2.CalculateBaudRateNominal=500000
FDCAN2.CalculateTimeBitNominal=2000
FDCAN2.CalculateTimeQuantumNominal=125.0
FDCAN2.ExtFiltersNbr=5
FDCAN2.FrameFormat=FDCAN_FRAME_FD_NO_BRS
FDCAN2.IPParameters=CalculateTimeQuantumNominal,CalculateTimeBitNominal,CalculateBaudRateNominal,StdFiltersNbr,RxBuffersNbr,TxBuffersNbr,NominalTimeSeg1,NominalPrescaler,NominalTimeSeg2,RxFifo0ElmtsNbr,RxFifo1ElmtsNbr,TxEventsNbr,TxFifoQueueElmtsNbr,ExtFiltersNbr,FrameFormat
FDCAN2.NominalPrescaler=3
FDCAN2.NominalTimeSeg1=10
FDCAN2.NominalTimeSeg2=5
FDCAN2.RxBuffersNbr=1
FDCAN2.RxFifo0ElmtsNbr=32
FDCAN2.RxFifo1ElmtsNbr=32
FDCAN2.StdFiltersNbr=0
FDCAN2.TxBuffersNbr=32
FDCAN2.TxEventsNbr=1
FDCAN2.TxFifoQueueElmtsNbr=32
File.Version=6
KeepUserPlacement=false
MMTAppRegionsCount=0
MMTConfigApplied=false
Mcu.CPN=STM32H733ZGT6
Mcu.Family=STM32H7
Mcu.IP0=ADC1
Mcu.IP1=ADC3
Mcu.IP10=USART2
Mcu.IP2=CORTEX_M7
Mcu.IP3=FDCAN1
Mcu.IP4=FDCAN2
Mcu.IP5=MEMORYMAP
Mcu.IP6=NVIC
Mcu.IP7=RCC
Mcu.IP8=SYS
Mcu.IP9=TIM17
Mcu.IPNb=11
Mcu.Name=STM32H733ZGTx
Mcu.Package=LQFP144
Mcu.Pin0=PF8
Mcu.Pin1=PH0-OSC_IN
Mcu.Pin10=PG7
Mcu.Pin11=PD0
Mcu.Pin12=PD1
Mcu.Pin13=PD3
Mcu.Pin14=PD4
Mcu.Pin15=PD5
Mcu.Pin16=PB9
Mcu.Pin17=VP_SYS_VS_Systick
Mcu.Pin18=VP_TIM17_VS_ClockSourceINT
Mcu.Pin19=VP_MEMORYMAP_VS_MEMORYMAP
Mcu.Pin2=PH1-OSC_OUT
Mcu.Pin3=PA2
Mcu.Pin4=PA3
Mcu.Pin5=PF11
Mcu.Pin6=PF13
Mcu.Pin7=PE9
Mcu.Pin8=PB12
Mcu.Pin9=PB13
Mcu.PinsNb=20
Mcu.ThirdPartyNb=0
Mcu.UserConstants=
Mcu.UserName=STM32H733ZGTx
MxCube.Version=6.15.0
MxDb.Version=DB.6.0.150
NVIC.BusFault_IRQn=true\:0\:0\:false\:false\:true\:false\:false\:false
NVIC.DebugMonitor_IRQn=true\:0\:0\:false\:false\:true\:false\:false\:false
NVIC.FDCAN1_IT0_IRQn=true\:0\:0\:false\:false\:true\:true\:true\:true
NVIC.ForceEnableDMAVector=true
NVIC.HardFault_IRQn=true\:0\:0\:false\:false\:true\:false\:false\:false
NVIC.MemoryManagement_IRQn=true\:0\:0\:false\:false\:true\:false\:false\:false
NVIC.NonMaskableInt_IRQn=true\:0\:0\:false\:false\:true\:false\:false\:false
NVIC.PendSV_IRQn=true\:0\:0\:false\:false\:true\:false\:false\:false
NVIC.PriorityGroup=NVIC_PRIORITYGROUP_4
NVIC.SVCall_IRQn=true\:0\:0\:false\:false\:true\:false\:false\:false
NVIC.SysTick_IRQn=true\:15\:0\:false\:false\:true\:false\:true\:false
NVIC.UsageFault_IRQn=true\:0\:0\:false\:false\:true\:false\:false\:false
PA2.Mode=Asynchronous
PA2.Signal=USART2_TX
PA3.Mode=Asynchronous
PA3.Signal=USART2_RX
PB12.Mode=FDCAN_Activate
PB12.Signal=FDCAN2_RX
PB13.Locked=true
PB13.Mode=FDCAN_Activate
PB13.Signal=FDCAN2_TX
PB9.Locked=true
PB9.Signal=S_TIM17_CH1
PD0.Mode=FDCAN_Activate
PD0.Signal=FDCAN1_RX
PD1.Locked=true
PD1.Mode=FDCAN_Activate
PD1.Signal=FDCAN1_TX
PD3.GPIOParameters=GPIO_Label
PD3.GPIO_Label=RELAY_AIR_N
PD3.Locked=true
PD3.Signal=GPIO_Output
PD4.GPIOParameters=GPIO_Label
PD4.GPIO_Label=RELAY_AIR_P
PD4.Locked=true
PD4.Signal=GPIO_Output
PD5.GPIOParameters=GPIO_Label
PD5.GPIO_Label=RELAY_PRECHARGE
PD5.Locked=true
PD5.Signal=GPIO_Output
PE9.GPIOParameters=GPIO_Label
PE9.GPIO_Label=DIGITAL1
PE9.Locked=true
PE9.Signal=GPIO_Input
PF11.Locked=true
PF11.Mode=IN2-Single-Ended
PF11.Signal=ADC1_INP2
PF13.GPIOParameters=GPIO_Label
PF13.GPIO_Label=AMS_OK
PF13.Locked=true
PF13.Signal=GPIO_Output
PF8.Locked=true
PF8.Mode=IN7-Single-Ended
PF8.Signal=ADC3_INP7
PG7.GPIOParameters=GPIO_Label
PG7.GPIO_Label=Charge_Button
PG7.Locked=true
PG7.Signal=GPIO_Input
PH0-OSC_IN.Mode=HSE-External-Oscillator
PH0-OSC_IN.Signal=RCC_OSC_IN
PH1-OSC_OUT.Mode=HSE-External-Oscillator
PH1-OSC_OUT.Signal=RCC_OSC_OUT
PinOutPanel.RotationAngle=0
ProjectManager.AskForMigrate=true
ProjectManager.BackupPrevious=false
ProjectManager.CompilerLinker=GCC
ProjectManager.CompilerOptimize=6
ProjectManager.ComputerToolchain=false
ProjectManager.CoupleFile=false
ProjectManager.CustomerFirmwarePackage=
ProjectManager.DefaultFWLocation=true
ProjectManager.DeletePrevious=true
ProjectManager.DeviceId=STM32H733ZGTx
ProjectManager.FirmwarePackage=STM32Cube FW_H7 V1.12.1
ProjectManager.FreePins=false
ProjectManager.HalAssertFull=false
ProjectManager.HeapSize=0x200
ProjectManager.KeepUserCode=true
ProjectManager.LastFirmware=true
ProjectManager.LibraryCopy=1
ProjectManager.MainLocation=Core/Src
ProjectManager.NoMain=false
ProjectManager.PreviousToolchain=
ProjectManager.ProjectBuild=false
ProjectManager.ProjectFileName=AMS H7.ioc
ProjectManager.ProjectName=AMS H7
ProjectManager.ProjectStructure=
ProjectManager.RegisterCallBack=
ProjectManager.StackSize=0x400
ProjectManager.TargetToolchain=STM32CubeIDE
ProjectManager.ToolChainLocation=
ProjectManager.UAScriptAfterPath=
ProjectManager.UAScriptBeforePath=
ProjectManager.UnderRoot=true
ProjectManager.functionlistsort=1-SystemClock_Config-RCC-false-HAL-false,2-MX_GPIO_Init-GPIO-false-HAL-true,3-MX_FDCAN2_Init-FDCAN2-false-HAL-true,4-MX_FDCAN1_Init-FDCAN1-false-HAL-true,5-MX_USART2_UART_Init-USART2-false-HAL-true,6-MX_ADC1_Init-ADC1-false-HAL-true,7-MX_ADC3_Init-ADC3-false-HAL-true,8-MX_TIM17_Init-TIM17-false-HAL-true,0-MX_CORTEX_M7_Init-CORTEX_M7-false-HAL-true
RCC.ADCFreq_Value=96000000
RCC.AHB12Freq_Value=264000000
RCC.AHB4Freq_Value=264000000
RCC.APB1Freq_Value=132000000
RCC.APB2Freq_Value=132000000
RCC.APB3Freq_Value=132000000
RCC.APB4Freq_Value=132000000
RCC.AXIClockFreq_Value=264000000
RCC.CECFreq_Value=32000
RCC.CKPERFreq_Value=64000000
RCC.CortexFreq_Value=528000000
RCC.CpuClockFreq_Value=528000000
RCC.D1CPREFreq_Value=528000000
RCC.D1PPRE=RCC_APB3_DIV2
RCC.D2PPRE1=RCC_APB1_DIV2
RCC.D2PPRE2=RCC_APB2_DIV2
RCC.D3PPRE=RCC_APB4_DIV2
RCC.DFSDMACLkFreq_Value=132000000
RCC.DFSDMFreq_Value=132000000
RCC.DIVM1=2
RCC.DIVM2=2
RCC.DIVN1=44
RCC.DIVN2=16
RCC.DIVP1=1
RCC.DIVP1Freq_Value=528000000
RCC.DIVP2Freq_Value=96000000
RCC.DIVP3Freq_Value=48375000
RCC.DIVQ1=4
RCC.DIVQ1Freq_Value=132000000
RCC.DIVQ2Freq_Value=96000000
RCC.DIVQ3Freq_Value=48375000
RCC.DIVR1Freq_Value=264000000
RCC.DIVR2Freq_Value=96000000
RCC.DIVR3Freq_Value=48375000
RCC.FDCANCLockSelection=RCC_FDCANCLKSOURCE_HSE
RCC.FDCANFreq_Value=24000000
RCC.FMCFreq_Value=264000000
RCC.FamilyName=M
RCC.HCLK3ClockFreq_Value=264000000
RCC.HCLKFreq_Value=264000000
RCC.HPRE=RCC_HCLK_DIV2
RCC.HSE_VALUE=24000000
RCC.I2C123Freq_Value=132000000
RCC.I2C4Freq_Value=132000000
RCC.IPParameters=ADCFreq_Value,AHB12Freq_Value,AHB4Freq_Value,APB1Freq_Value,APB2Freq_Value,APB3Freq_Value,APB4Freq_Value,AXIClockFreq_Value,CECFreq_Value,CKPERFreq_Value,CortexFreq_Value,CpuClockFreq_Value,D1CPREFreq_Value,D1PPRE,D2PPRE1,D2PPRE2,D3PPRE,DFSDMACLkFreq_Value,DFSDMFreq_Value,DIVM1,DIVM2,DIVN1,DIVN2,DIVP1,DIVP1Freq_Value,DIVP2Freq_Value,DIVP3Freq_Value,DIVQ1,DIVQ1Freq_Value,DIVQ2Freq_Value,DIVQ3Freq_Value,DIVR1Freq_Value,DIVR2Freq_Value,DIVR3Freq_Value,FDCANCLockSelection,FDCANFreq_Value,FMCFreq_Value,FamilyName,HCLK3ClockFreq_Value,HCLKFreq_Value,HPRE,HSE_VALUE,I2C123Freq_Value,I2C4Freq_Value,LPTIM1Freq_Value,LPTIM2Freq_Value,LPTIM345Freq_Value,LPUART1Freq_Value,LTDCFreq_Value,MCO1PinFreq_Value,MCO2PinFreq_Value,PLL2FRACN,PLLFRACN,PLLSourceVirtual,QSPIFreq_Value,RNGFreq_Value,RTCFreq_Value,SAI1Freq_Value,SAI4AFreq_Value,SAI4BFreq_Value,SDMMCFreq_Value,SPDIFRXFreq_Value,SPI123Freq_Value,SPI45Freq_Value,SPI6Freq_Value,SWPMI1Freq_Value,SYSCLKFreq_VALUE,SYSCLKSource,Tim1OutputFreq_Value,Tim2OutputFreq_Value,TraceFreq_Value,USART16Freq_Value,USART234578Freq_Value,USBFreq_Value,VCO1OutputFreq_Value,VCO2OutputFreq_Value,VCO3OutputFreq_Value,VCOInput1Freq_Value,VCOInput2Freq_Value,VCOInput3Freq_Value
RCC.LPTIM1Freq_Value=132000000
RCC.LPTIM2Freq_Value=132000000
RCC.LPTIM345Freq_Value=132000000
RCC.LPUART1Freq_Value=132000000
RCC.LTDCFreq_Value=48375000
RCC.MCO1PinFreq_Value=64000000
RCC.MCO2PinFreq_Value=528000000
RCC.PLL2FRACN=0
RCC.PLLFRACN=0
RCC.PLLSourceVirtual=RCC_PLLSOURCE_HSE
RCC.QSPIFreq_Value=264000000
RCC.RNGFreq_Value=48000000
RCC.RTCFreq_Value=32000
RCC.SAI1Freq_Value=132000000
RCC.SAI4AFreq_Value=132000000
RCC.SAI4BFreq_Value=132000000
RCC.SDMMCFreq_Value=132000000
RCC.SPDIFRXFreq_Value=132000000
RCC.SPI123Freq_Value=132000000
RCC.SPI45Freq_Value=132000000
RCC.SPI6Freq_Value=132000000
RCC.SWPMI1Freq_Value=132000000
RCC.SYSCLKFreq_VALUE=528000000
RCC.SYSCLKSource=RCC_SYSCLKSOURCE_PLLCLK
RCC.Tim1OutputFreq_Value=264000000
RCC.Tim2OutputFreq_Value=264000000
RCC.TraceFreq_Value=64000000
RCC.USART16Freq_Value=132000000
RCC.USART234578Freq_Value=132000000
RCC.USBFreq_Value=132000000
RCC.VCO1OutputFreq_Value=528000000
RCC.VCO2OutputFreq_Value=192000000
RCC.VCO3OutputFreq_Value=96750000
RCC.VCOInput1Freq_Value=12000000
RCC.VCOInput2Freq_Value=12000000
RCC.VCOInput3Freq_Value=750000
SH.S_TIM17_CH1.0=TIM17_CH1,PWM Generation1 CH1
SH.S_TIM17_CH1.ConfNb=1
TIM17.AutoReloadPreload=TIM_AUTORELOAD_PRELOAD_ENABLE
TIM17.Channel=TIM_CHANNEL_1
TIM17.IPParameters=Channel,Period,AutoReloadPreload
TIM17.Period=10559
USART2.IPParameters=VirtualMode-Asynchronous
USART2.VirtualMode-Asynchronous=VM_ASYNC
VP_MEMORYMAP_VS_MEMORYMAP.Mode=CurAppReg
VP_MEMORYMAP_VS_MEMORYMAP.Signal=MEMORYMAP_VS_MEMORYMAP
VP_SYS_VS_Systick.Mode=SysTick
VP_SYS_VS_Systick.Signal=SYS_VS_Systick
VP_TIM17_VS_ClockSourceINT.Mode=Enable_Timer
VP_TIM17_VS_ClockSourceINT.Signal=TIM17_VS_ClockSourceINT
board=custom
isbadioc=false
